
Microsoft Visual Studio Solution File, Format Version 11.00
# Visual Studio 2010
Project("{FAE04EC0-301F-11D3-BF4B-00C04F79EFBC}") = "NHProvider.Model", "NHProvider.Model\NHProvider.Model.csproj", "{953F820C-0003-4D2A-8A15-AD66AB0DE45B}"
EndProject
Project("{FAE04EC0-301F-11D3-BF4B-00C04F79EFBC}") = "NHProvider.Data", "NHProvider.Data\NHProvider.Data.csproj", "{D1863685-3C43-4A19-A107-7F3575DD3892}"
EndProject
Project("{FAE04EC0-301F-11D3-BF4B-00C04F79EFBC}") = "NHProvider.Service", "NHProvider.Service\NHProvider.Service.csproj", "{68A9CFAC-DDC2-4B57-9639-BEB3F81ECD4F}"
EndProject
Project("{FAE04EC0-301F-11D3-BF4B-00C04F79EFBC}") = "NHProvider", "NHProvider\NHProvider.csproj", "{D2E36B0C-E167-46DA-A815-33A748435D99}"
EndProject
Project("{FAE04EC0-301F-11D3-BF4B-00C04F79EFBC}") = "NHProvider.Test", "NHProvider.Test\NHProvider.Test.csproj", "{B1B0239C-78F1-47F6-9FA9-D9E4C2905486}"
EndProject
Project("{00000000-0000-0000-0000-000000000000}") = "NHProvider.Test.Integration", "NHProvider.Test.Integration\NHProvider.Test.Integration.csproj", "{C8671C19-66FF-4DC3-B25F-E2F75C9CDF9C}"
EndProject
Project("{2150E333-8FDC-42A3-9474-1A3956D46DE8}") = "Solution Items", "Solution Items", "{F58D955C-7CCC-480B-BF4F-93627A1D4D19}"
	ProjectSection(SolutionItems) = preProject
		Local.testsettings = Local.testsettings
		NHProvider.vsmdi = NHProvider.vsmdi
		TraceAndTestImpact.testsettings = TraceAndTestImpact.testsettings
	EndProjectSection
EndProject
Project("{FAE04EC0-301F-11D3-BF4B-00C04F79EFBC}") = "NHProviderTestHelpers", "NHProviderTestHelpers\NHProviderTestHelpers.csproj", "{12032E3A-9827-46FF-BCC7-F927F41BF98A}"
EndProject
Global
	GlobalSection(TestCaseManagementSettings) = postSolution
		CategoryFile = NHProvider.vsmdi
	EndGlobalSection
	GlobalSection(SolutionConfigurationPlatforms) = preSolution
		Debug|Any CPU = Debug|Any CPU
		Release|Any CPU = Release|Any CPU
	EndGlobalSection
	GlobalSection(ProjectConfigurationPlatforms) = postSolution
		{953F820C-0003-4D2A-8A15-AD66AB0DE45B}.Debug|Any CPU.ActiveCfg = Debug|Any CPU
		{953F820C-0003-4D2A-8A15-AD66AB0DE45B}.Debug|Any CPU.Build.0 = Debug|Any CPU
		{953F820C-0003-4D2A-8A15-AD66AB0DE45B}.Release|Any CPU.ActiveCfg = Release|Any CPU
		{953F820C-0003-4D2A-8A15-AD66AB0DE45B}.Release|Any CPU.Build.0 = Release|Any CPU
		{D1863685-3C43-4A19-A107-7F3575DD3892}.Debug|Any CPU.ActiveCfg = Debug|Any CPU
		{D1863685-3C43-4A19-A107-7F3575DD3892}.Debug|Any CPU.Build.0 = Debug|Any CPU
		{D1863685-3C43-4A19-A107-7F3575DD3892}.Release|Any CPU.ActiveCfg = Release|Any CPU
		{D1863685-3C43-4A19-A107-7F3575DD3892}.Release|Any CPU.Build.0 = Release|Any CPU
		{68A9CFAC-DDC2-4B57-9639-BEB3F81ECD4F}.Debug|Any CPU.ActiveCfg = Debug|Any CPU
		{68A9CFAC-DDC2-4B57-9639-BEB3F81ECD4F}.Debug|Any CPU.Build.0 = Debug|Any CPU
		{68A9CFAC-DDC2-4B57-9639-BEB3F81ECD4F}.Release|Any CPU.ActiveCfg = Release|Any CPU
		{68A9CFAC-DDC2-4B57-9639-BEB3F81ECD4F}.Release|Any CPU.Build.0 = Release|Any CPU
		{D2E36B0C-E167-46DA-A815-33A748435D99}.Debug|Any CPU.ActiveCfg = Debug|Any CPU
		{D2E36B0C-E167-46DA-A815-33A748435D99}.Debug|Any CPU.Build.0 = Debug|Any CPU
		{D2E36B0C-E167-46DA-A815-33A748435D99}.Release|Any CPU.ActiveCfg = Release|Any CPU
		{D2E36B0C-E167-46DA-A815-33A748435D99}.Release|Any CPU.Build.0 = Release|Any CPU
		{B1B0239C-78F1-47F6-9FA9-D9E4C2905486}.Debug|Any CPU.ActiveCfg = Debug|Any CPU
		{B1B0239C-78F1-47F6-9FA9-D9E4C2905486}.Debug|Any CPU.Build.0 = Debug|Any CPU
		{B1B0239C-78F1-47F6-9FA9-D9E4C2905486}.Release|Any CPU.ActiveCfg = Release|Any CPU
		{B1B0239C-78F1-47F6-9FA9-D9E4C2905486}.Release|Any CPU.Build.0 = Release|Any CPU
		{C8671C19-66FF-4DC3-B25F-E2F75C9CDF9C}.Debug|Any CPU.ActiveCfg = Debug|Any CPU
		{C8671C19-66FF-4DC3-B25F-E2F75C9CDF9C}.Debug|Any CPU.Build.0 = Debug|Any CPU
		{C8671C19-66FF-4DC3-B25F-E2F75C9CDF9C}.Release|Any CPU.ActiveCfg = Release|Any CPU
		{C8671C19-66FF-4DC3-B25F-E2F75C9CDF9C}.Release|Any CPU.Build.0 = Release|Any CPU
		{12032E3A-9827-46FF-BCC7-F927F41BF98A}.Debug|Any CPU.ActiveCfg = Debug|Any CPU
		{12032E3A-9827-46FF-BCC7-F927F41BF98A}.Debug|Any CPU.Build.0 = Debug|Any CPU
		{12032E3A-9827-46FF-BCC7-F927F41BF98A}.Release|Any CPU.ActiveCfg = Release|Any CPU
		{12032E3A-9827-46FF-BCC7-F927F41BF98A}.Release|Any CPU.Build.0 = Release|Any CPU
	EndGlobalSection
	GlobalSection(SolutionProperties) = preSolution
		HideSolutionNode = FALSE
	EndGlobalSection
EndGlobal
